
Microsoft Visual Studio Solution File, Format Version 12.00
# Visual Studio Version 17
VisualStudioVersion = 17.7.34221.43
MinimumVisualStudioVersion = 10.0.40219.1
Project("{FAE04EC0-301F-11D3-BF4B-00C04F79EFBC}") = "odd-or-even", "odd-or-even.csproj", "{EC4A51FD-B3A9-4AB0-B4A6-ACE2FD2D216F}"
EndProject
Global
	GlobalSection(SolutionConfigurationPlatforms) = preSolution
		Debug|Any CPU = Debug|Any CPU
		Release|Any CPU = Release|Any CPU
	EndGlobalSection
	GlobalSection(ProjectConfigurationPlatforms) = postSolution
		{EC4A51FD-B3A9-4AB0-B4A6-ACE2FD2D216F}.Debug|Any CPU.ActiveCfg = Debug|Any CPU
		{EC4A51FD-B3A9-4AB0-B4A6-ACE2FD2D216F}.Debug|Any CPU.Build.0 = Debug|Any CPU
		{EC4A51FD-B3A9-4AB0-B4A6-ACE2FD2D216F}.Release|Any CPU.ActiveCfg = Release|Any CPU
		{EC4A51FD-B3A9-4AB0-B4A6-ACE2FD2D216F}.Release|Any CPU.Build.0 = Release|Any CPU
	EndGlobalSection
	GlobalSection(SolutionProperties) = preSolution
		HideSolutionNode = FALSE
	EndGlobalSection
	GlobalSection(ExtensibilityGlobals) = postSolution
		SolutionGuid = {1DF91CB8-4CCE-4834-AC88-973B5F651C87}
	EndGlobalSection
EndGlobal
