
Microsoft Visual Studio Solution File, Format Version 12.00
# Visual Studio Version 17
VisualStudioVersion = 17.7.34221.43
MinimumVisualStudioVersion = 10.0.40219.1
Project("{FAE04EC0-301F-11D3-BF4B-00C04F79EFBC}") = "age-groups", "age-groups.csproj", "{CF76E5B2-7ACC-4B49-9487-6FD417550BBB}"
EndProject
Global
	GlobalSection(SolutionConfigurationPlatforms) = preSolution
		Debug|Any CPU = Debug|Any CPU
		Release|Any CPU = Release|Any CPU
	EndGlobalSection
	GlobalSection(ProjectConfigurationPlatforms) = postSolution
		{CF76E5B2-7ACC-4B49-9487-6FD417550BBB}.Debug|Any CPU.ActiveCfg = Debug|Any CPU
		{CF76E5B2-7ACC-4B49-9487-6FD417550BBB}.Debug|Any CPU.Build.0 = Debug|Any CPU
		{CF76E5B2-7ACC-4B49-9487-6FD417550BBB}.Release|Any CPU.ActiveCfg = Release|Any CPU
		{CF76E5B2-7ACC-4B49-9487-6FD417550BBB}.Release|Any CPU.Build.0 = Release|Any CPU
	EndGlobalSection
	GlobalSection(SolutionProperties) = preSolution
		HideSolutionNode = FALSE
	EndGlobalSection
	GlobalSection(ExtensibilityGlobals) = postSolution
		SolutionGuid = {8731B3C3-3670-4892-A492-44979A75A683}
	EndGlobalSection
EndGlobal
